
Microsoft Visual Studio Solution File, Format Version 12.00
# Visual Studio Version 17
VisualStudioVersion = 17.13.35931.197
MinimumVisualStudioVersion = 10.0.40219.1
Project("{FAE04EC0-301F-11D3-BF4B-00C04F79EFBC}") = "tree-api", "tree-api\tree-api.csproj", "{491FC3A7-CDD5-40B8-99D4-E4DCF53FF6BF}"
EndProject
Project("{2150E333-8FDC-42A3-9474-1A3956D46DE8}") = "Solution Items", "Solution Items", "{36D591C7-65C7-A0D1-1CBC-10CDE441BDC8}"
	ProjectSection(SolutionItems) = preProject
		.editorconfig = .editorconfig
		Directory.Build.props = Directory.Build.props
		Directory.Packages.props = Directory.Packages.props
		docker-compose.migrate.yaml = docker-compose.migrate.yaml
		docker-compose.yaml = docker-compose.yaml
		Dockerfile = Dockerfile
		README.md = README.md
		.github\workflows\dotnet build.yaml = .github\workflows\dotnet build.yaml
		.github\workflows\dotnet format.yml = .github\workflows\dotnet format.yml
		.github\workflows\dotnet test.yml = .github\workflows\dotnet test.yml
	EndProjectSection
EndProject
Project("{FAE04EC0-301F-11D3-BF4B-00C04F79EFBC}") = "tree-api.Tests", "tree-api.Tests\tree-api.Tests.csproj", "{DDFD1301-A5C2-41AF-8F55-3DB7F221F9DA}"
EndProject
Project("{FAE04EC0-301F-11D3-BF4B-00C04F79EFBC}") = "tree-api.Tests.ClientGenerator", "tree-api.Tests.ClientGenerator\tree-api.Tests.ClientGenerator.csproj", "{2F0BDB9D-0026-4C86-BBE4-022CC7168D9E}"
EndProject
Project("{FAE04EC0-301F-11D3-BF4B-00C04F79EFBC}") = "tree_api.Specs", "tree-api.Specs\tree_api.Specs.csproj", "{1C5531AD-48E3-CD8F-B54A-77BCE408D6F4}"
EndProject
Global
	GlobalSection(SolutionConfigurationPlatforms) = preSolution
		Debug|Any CPU = Debug|Any CPU
		Release|Any CPU = Release|Any CPU
	EndGlobalSection
	GlobalSection(ProjectConfigurationPlatforms) = postSolution
		{491FC3A7-CDD5-40B8-99D4-E4DCF53FF6BF}.Debug|Any CPU.ActiveCfg = Debug|Any CPU
		{491FC3A7-CDD5-40B8-99D4-E4DCF53FF6BF}.Debug|Any CPU.Build.0 = Debug|Any CPU
		{491FC3A7-CDD5-40B8-99D4-E4DCF53FF6BF}.Release|Any CPU.ActiveCfg = Release|Any CPU
		{491FC3A7-CDD5-40B8-99D4-E4DCF53FF6BF}.Release|Any CPU.Build.0 = Release|Any CPU
		{DDFD1301-A5C2-41AF-8F55-3DB7F221F9DA}.Debug|Any CPU.ActiveCfg = Debug|Any CPU
		{DDFD1301-A5C2-41AF-8F55-3DB7F221F9DA}.Debug|Any CPU.Build.0 = Debug|Any CPU
		{DDFD1301-A5C2-41AF-8F55-3DB7F221F9DA}.Release|Any CPU.ActiveCfg = Release|Any CPU
		{DDFD1301-A5C2-41AF-8F55-3DB7F221F9DA}.Release|Any CPU.Build.0 = Release|Any CPU
		{2F0BDB9D-0026-4C86-BBE4-022CC7168D9E}.Debug|Any CPU.ActiveCfg = Debug|Any CPU
		{2F0BDB9D-0026-4C86-BBE4-022CC7168D9E}.Debug|Any CPU.Build.0 = Debug|Any CPU
		{2F0BDB9D-0026-4C86-BBE4-022CC7168D9E}.Release|Any CPU.ActiveCfg = Release|Any CPU
		{2F0BDB9D-0026-4C86-BBE4-022CC7168D9E}.Release|Any CPU.Build.0 = Release|Any CPU
		{1C5531AD-48E3-CD8F-B54A-77BCE408D6F4}.Debug|Any CPU.ActiveCfg = Debug|Any CPU
		{1C5531AD-48E3-CD8F-B54A-77BCE408D6F4}.Debug|Any CPU.Build.0 = Debug|Any CPU
		{1C5531AD-48E3-CD8F-B54A-77BCE408D6F4}.Release|Any CPU.ActiveCfg = Release|Any CPU
		{1C5531AD-48E3-CD8F-B54A-77BCE408D6F4}.Release|Any CPU.Build.0 = Release|Any CPU
	EndGlobalSection
	GlobalSection(SolutionProperties) = preSolution
		HideSolutionNode = FALSE
	EndGlobalSection
	GlobalSection(ExtensibilityGlobals) = postSolution
		SolutionGuid = {19F5B54E-06AB-4E22-A476-47C164ADABCC}
	EndGlobalSection
EndGlobal
